
Microsoft Visual Studio Solution File, Format Version 12.00
# Visual Studio Version 17
VisualStudioVersion = 17.5.33627.172
MinimumVisualStudioVersion = 10.0.40219.1
Project("{9A19103F-16F7-4668-BE54-9A1E7A4F7556}") = "ECSA.Authentication.Client", "ECSA.Authentication.Client\ECSA.Authentication.Client.csproj", "{52BE6757-9809-4BC2-8AB2-1508C4974118}"
EndProject
Global
	GlobalSection(SolutionConfigurationPlatforms) = preSolution
		Debug|Any CPU = Debug|Any CPU
		Release|Any CPU = Release|Any CPU
	EndGlobalSection
	GlobalSection(ProjectConfigurationPlatforms) = postSolution
		{52BE6757-9809-4BC2-8AB2-1508C4974118}.Debug|Any CPU.ActiveCfg = Debug|Any CPU
		{52BE6757-9809-4BC2-8AB2-1508C4974118}.Debug|Any CPU.Build.0 = Debug|Any CPU
		{52BE6757-9809-4BC2-8AB2-1508C4974118}.Release|Any CPU.ActiveCfg = Release|Any CPU
		{52BE6757-9809-4BC2-8AB2-1508C4974118}.Release|Any CPU.Build.0 = Release|Any CPU
	EndGlobalSection
	GlobalSection(SolutionProperties) = preSolution
		HideSolutionNode = FALSE
	EndGlobalSection
	GlobalSection(ExtensibilityGlobals) = postSolution
		SolutionGuid = {278366E5-B8FA-4A17-AE5E-936F02E7B3D4}
	EndGlobalSection
EndGlobal
