{
  "requires": true,
  "lockfileVersion": 1,
  "dependencies": {
    "@azure/msal-browser": {
      "version": "2.38.0",
      "resolved": "https://registry.npmjs.org/@azure/msal-browser/-/msal-browser-2.38.0.tgz",
      "integrity": "sha512-gxBh83IumHgEP9uMCm9pJLKLRwICMQTxG9TX3AytdNt3oLUI3tytm/szYD5u5zKJgSkhHvwFSM+NPnM04hYw3w==",
      "requires": {
        "@azure/msal-common": "13.2.0"
      }
    },
    "@azure/msal-common": {
      "version": "13.2.0",
      "resolved": "https://registry.npmjs.org/@azure/msal-common/-/msal-common-13.2.0.tgz",
      "integrity": "sha512-rnstQ7Zgn3fSTKNQO+/YNV34/QXJs0vni7IA0/3QB1EEyrJg14xyRmTqlw9ta+pdSuT5OJwUP8kI3D/rBwUIBw=="
    },
    "@azure/msal-react": {
      "version": "1.5.9",
      "resolved": "https://registry.npmjs.org/@azure/msal-react/-/msal-react-1.5.9.tgz",
      "integrity": "sha512-OqlBmo3h2ucp+OtpXwjNcKaUdIwRMUoEcixZz9rKzHJJ8VR7rngy2pHf+4tCTqwQXQOsRKdneNKG3Osh/AAhzg=="
    }
  }
}
